// !$*UTF8*$!
{
	archiveVersion = 1;
	classes = {
	};
	objectVersion = 50;
	objects = {

/* Begin PBXBuildFile section */
		AE56EFDE21C77E8500E66F88 /* AppDelegate.swift in Sources */ = {isa = PBXBuildFile; fileRef = AE56EFDD21C77E8500E66F88 /* AppDelegate.swift */; };
		AE56EFE021C77E8500E66F88 /* ViewController.swift in Sources */ = {isa = PBXBuildFile; fileRef = AE56EFDF21C77E8500E66F88 /* ViewController.swift */; };
		AE56EFE321C77E8500E66F88 /* Main.storyboard in Resources */ = {isa = PBXBuildFile; fileRef = AE56EFE121C77E8500E66F88 /* Main.storyboard */; };
		AE56EFE521C77E8800E66F88 /* Assets.xcassets in Resources */ = {isa = PBXBuildFile; fileRef = AE56EFE421C77E8800E66F88 /* Assets.xcassets */; };
		AE56EFE821C77E8800E66F88 /* LaunchScreen.storyboard in Resources */ = {isa = PBXBuildFile; fileRef = AE56EFE621C77E8800E66F88 /* LaunchScreen.storyboard */; };
		AE56EFF021C77FB300E66F88 /* NewViewController.swift in Sources */ = {isa = PBXBuildFile; fileRef = AE56EFEF21C77FB300E66F88 /* NewViewController.swift */; };
/* End PBXBuildFile section */

/* Begin PBXFileReference section */
		AE56EFDA21C77E8500E66F88 /* SampleRepo.app */ = {isa = PBXFileReference; explicitFileType = wrapper.application; includeInIndex = 0; path = SampleRepo.app; sourceTree = BUILT_PRODUCTS_DIR; };
		AE56EFDD21C77E8500E66F88 /* AppDelegate.swift */ = {isa = PBXFileReference; lastKnownFileType = sourcecode.swift; path = AppDelegate.swift; sourceTree = "<group>"; };
		AE56EFDF21C77E8500E66F88 /* ViewController.swift */ = {isa = PBXFileReference; lastKnownFileType = sourcecode.swift; path = ViewController.swift; sourceTree = "<group>"; };
		AE56EFE221C77E8500E66F88 /* Base */ = {isa = PBXFileReference; lastKnownFileType = file.storyboard; name = Base; path = Base.lproj/Main.storyboard; sourceTree = "<group>"; };
		AE56EFE421C77E8800E66F88 /* Assets.xcassets */ = {isa = PBXFileReference; lastKnownFileType = folder.assetcatalog; path = Assets.xcassets; sourceTree = "<group>"; };
		AE56EFE721C77E8800E66F88 /* Base */ = {isa = PBXFileReference; lastKnownFileType = file.storyboard; name = Base; path = Base.lproj/LaunchScreen.storyboard; sourceTree = "<group>"; };
		AE56EFE921C77E8800E66F88 /* Info.plist */ = {isa = PBXFileReference; lastKnownFileType = text.plist.xml; path = Info.plist; sourceTree = "<group>"; };
		AE56EFEF21C77FB300E66F88 /* NewViewController.swift */ = {isa = PBXFileReference; lastKnownFileType = sourcecode.swift; path = NewViewController.swift; sourceTree = "<group>"; };
/* End PBXFileReference section */

/* Begin PBXFrameworksBuildPhase section */
		AE56EFD721C77E8500E66F88 /* Frameworks */ = {
			isa = PBXFrameworksBuildPhase;
			buildActionMask = 2147483647;
			files = (
			);
			runOnlyForDeploymentPostprocessing = 0;
		};
/* End PBXFrameworksBuildPhase section */

/* Begin PBXGroup section */
		AE56EFD121C77E8400E66F88 = {
			isa = PBXGroup;
			children = (
				AE56EFDC21C77E8500E66F88 /* SampleRepo */,
				AE56EFDB21C77E8500E66F88 /* Products */,
			);
			sourceTree = "<group>";
		};
		AE56EFDB21C77E8500E66F88 /* Products */ = {
			isa = PBXGroup;
			children = (
				AE56EFDA21C77E8500E66F88 /* SampleRepo.app */,
			);
			name = Products;
			sourceTree = "<group>";
		};
		AE56EFDC21C77E8500E66F88 /* SampleRepo */ = {
			isa = PBXGroup;
			children = (
				AE56EFDD21C77E8500E66F88 /* AppDelegate.swift */,
				AE56EFDF21C77E8500E66F88 /* ViewController.swift */,
				AE56EFE121C77E8500E66F88 /* Main.storyboard */,
				AE56EFE421C77E8800E66F88 /* Assets.xcassets */,
				AE56EFE621C77E8800E66F88 /* LaunchScreen.storyboard */,
				AE56EFE921C77E8800E66F88 /* Info.plist */,
				AE56EFEF21C77FB300E66F88 /* NewViewController.swift */,
			);
			path = SampleRepo;
			sourceTree = "<group>";
		};
/* End PBXGroup section */

/* Begin PBXNativeTarget section */
		AE56EFD921C77E8500E66F88 /* SampleRepo */ = {
			isa = PBXNativeTarget;
			buildConfigurationList = AE56EFEC21C77E8800E66F88 /* Build configuration list for PBXNativeTarget "SampleRepo" */;
			buildPhases = (
				AE56EFD621C77E8500E66F88 /* Sources */,
				AE56EFD721C77E8500E66F88 /* Frameworks */,
				AE56EFD821C77E8500E66F88 /* Resources */,
			);
			buildRules = (
			);
			dependencies = (
			);
			name = SampleRepo;
			productName = SampleRepo;
			productReference = AE56EFDA21C77E8500E66F88 /* SampleRepo.app */;
			productType = "com.apple.product-type.application";
		};
/* End PBXNativeTarget section */

/* Begin PBXProject section */
		AE56EFD221C77E8400E66F88 /* Project object */ = {
			isa = PBXProject;
			attributes = {
				LastSwiftUpdateCheck = 1010;
				LastUpgradeCheck = 1010;
				ORGANIZATIONNAME = Prolifics;
				TargetAttributes = {
					AE56EFD921C77E8500E66F88 = {
						CreatedOnToolsVersion = 10.1;
					};
				};
			};
			buildConfigurationList = AE56EFD521C77E8400E66F88 /* Build configuration list for PBXProject "SampleRepo" */;
			compatibilityVersion = "Xcode 9.3";
			developmentRegion = en;
			hasScannedForEncodings = 0;
			knownRegions = (
				en,
				Base,
			);
			mainGroup = AE56EFD121C77E8400E66F88;
			productRefGroup = AE56EFDB21C77E8500E66F88 /* Products */;
			projectDirPath = "";
			projectRoot = "";
			targets = (
				AE56EFD921C77E8500E66F88 /* SampleRepo */,
			);
		};
/* End PBXProject section */

/* Begin PBXResourcesBuildPhase section */
		AE56EFD821C77E8500E66F88 /* Resources */ = {
			isa = PBXResourcesBuildPhase;
			buildActionMask = 2147483647;
			files = (
				AE56EFE821C77E8800E66F88 /* LaunchScreen.storyboard in Resources */,
				AE56EFE521C77E8800E66F88 /* Assets.xcassets in Resources */,
				AE56EFE321C77E8500E66F88 /* Main.storyboard in Resources */,
			);
			runOnlyForDeploymentPostprocessing = 0;
		};
/* End PBXResourcesBuildPhase section */

/* Begin PBXSourcesBuildPhase section */
		AE56EFD621C77E8500E66F88 /* Sources */ = {
			isa = PBXSourcesBuildPhase;
			buildActionMask = 2147483647;
			files = (
				AE56EFF021C77FB300E66F88 /* NewViewController.swift in Sources */,
				AE56EFE021C77E8500E66F88 /* ViewController.swift in Sources */,
				AE56EFDE21C77E8500E66F88 /* AppDelegate.swift in Sources */,
			);
			runOnlyForDeploymentPostprocessing = 0;
		};
/* End PBXSourcesBuildPhase section */

/* Begin PBXVariantGroup section */
		AE56EFE121C77E8500E66F88 /* Main.storyboard */ = {
			isa = PBXVariantGroup;
			children = (
				AE56EFE221C77E8500E66F88 /* Base */,
			);
			name = Main.storyboard;
			sourceTree = "<group>";
		};
		AE56EFE621C77E8800E66F88 /* LaunchScreen.storyboard */ = {
			isa = PBXVariantGroup;
			children = (
				AE56EFE721C77E8800E66F88 /* Base */,
			);
			name = LaunchScreen.storyboard;
			sourceTree = "<group>";
		};
/* End PBXVariantGroup section */

/* Begin XCBuildConfiguration section */
		AE56EFEA21C77E8800E66F88 /* Debug */ = {
			isa = XCBuildConfiguration;
			buildSettings = {
				ALWAYS_SEARCH_USER_PATHS = NO;
				CLANG_ANALYZER_NONNULL = YES;
				CLANG_ANALYZER_NUMBER_OBJECT_CONVERSION = YES_AGGRESSIVE;
				CLANG_CXX_LANGUAGE_STANDARD = "gnu++14";
				CLANG_CXX_LIBRARY = "libc++";
				CLANG_ENABLE_MODULES = YES;
				CLANG_ENABLE_OBJC_ARC = YES;
				CLANG_ENABLE_OBJC_WEAK = YES;
				CLANG_WARN_BLOCK_CAPTURE_AUTORELEASING = YES;
				CLANG_WARN_BOOL_CONVERSION = YES;
				CLANG_WARN_COMMA = YES;
				CLANG_WARN_CONSTANT_CONVERSION = YES;
				CLANG_WARN_DEPRECATED_OBJC_IMPLEMENTATIONS = YES;
				CLANG_WARN_DIRECT_OBJC_ISA_USAGE = YES_ERROR;
				CLANG_WARN_DOCUMENTATION_COMMENTS = YES;
				CLANG_WARN_EMPTY_BODY = YES;
				CLANG_WARN_ENUM_CONVERSION = YES;
				CLANG_WARN_INFINITE_RECURSION = YES;
				CLANG_WARN_INT_CONVERSION = YES;
				CLANG_WARN_NON_LITERAL_NULL_CONVERSION = YES;
				CLANG_WARN_OBJC_IMPLICIT_RETAIN_SELF = YES;
				CLANG_WARN_OBJC_LITERAL_CONVERSION = YES;
				CLANG_WARN_OBJC_ROOT_CLASS = YES_ERROR;
				CLANG_WARN_RANGE_LOOP_ANALYSIS = YES;
				CLANG_WARN_STRICT_PROTOTYPES = YES;
				CLANG_WARN_SUSPICIOUS_MOVE = YES;
				CLANG_WARN_UNGUARDED_AVAILABILITY = YES_AGGRESSIVE;
				CLANG_WARN_UNREACHABLE_CODE = YES;
				CLANG_WARN__DUPLICATE_METHOD_MATCH = YES;
				CODE_SIGN_IDENTITY = "iPhone Developer";
				COPY_PHASE_STRIP = NO;
				DEBUG_INFORMATION_FORMAT = dwarf;
				ENABLE_STRICT_OBJC_MSGSEND = YES;
				ENABLE_TESTABILITY = YES;
				GCC_C_LANGUAGE_STANDARD = gnu11;
				GCC_DYNAMIC_NO_PIC = NO;
				GCC_NO_COMMON_BLOCKS = YES;
				GCC_OPTIMIZATION_LEVEL = 0;
				GCC_PREPROCESSOR_DEFINITIONS = (
					"DEBUG=1",
					"$(inherited)",
				);
				GCC_WARN_64_TO_32_BIT_CONVERSION = YES;
				GCC_WARN_ABOUT_RETURN_TYPE = YES_ERROR;
				GCC_WARN_UNDECLARED_SELECTOR = YES;
				GCC_WARN_UNINITIALIZED_AUTOS = YES_AGGRESSIVE;
				GCC_WARN_UNUSED_FUNCTION = YES;
				GCC_WARN_UNUSED_VARIABLE = YES;
				IPHONEOS_DEPLOYMENT_TARGET = 12.1;
				MTL_ENABLE_DEBUG_INFO = INCLUDE_SOURCE;
				MTL_FAST_MATH = YES;
				ONLY_ACTIVE_ARCH = YES;
				SDKROOT = iphoneos;
				SWIFT_ACTIVE_COMPILATION_CONDITIONS = DEBUG;
				SWIFT_OPTIMIZATION_LEVEL = "-Onone";
			};
			name = Debug;
		};
		AE56EFEB21C77E8800E66F88 /* Release */ = {
			isa = XCBuildConfiguration;
			buildSettings = {
				ALWAYS_SEARCH_USER_PATHS = NO;
				CLANG_ANALYZER_NONNULL = YES;
				CLANG_ANALYZER_NUMBER_OBJECT_CONVERSION = YES_AGGRESSIVE;
				CLANG_CXX_LANGUAGE_STANDARD = "gnu++14";
				CLANG_CXX_LIBRARY = "libc++";
				CLANG_ENABLE_MODULES = YES;
				CLANG_ENABLE_OBJC_ARC = YES;
				CLANG_ENABLE_OBJC_WEAK = YES;
				CLANG_WARN_BLOCK_CAPTURE_AUTORELEASING = YES;
				CLANG_WARN_BOOL_CONVERSION = YES;
				CLANG_WARN_COMMA = YES;
				CLANG_WARN_CONSTANT_CONVERSION = YES;
				CLANG_WARN_DEPRECATED_OBJC_IMPLEMENTATIONS = YES;
				CLANG_WARN_DIRECT_OBJC_ISA_USAGE = YES_ERROR;
				CLANG_WARN_DOCUMENTATION_COMMENTS = YES;
				CLANG_WARN_EMPTY_BODY = YES;
				CLANG_WARN_ENUM_CONVERSION = YES;
				CLANG_WARN_INFINITE_RECURSION = YES;
				CLANG_WARN_INT_CONVERSION = YES;
				CLANG_WARN_NON_LITERAL_NULL_CONVERSION = YES;
				CLANG_WARN_OBJC_IMPLICIT_RETAIN_SELF = YES;
				CLANG_WARN_OBJC_LITERAL_CONVERSION = YES;
				CLANG_WARN_OBJC_ROOT_CLASS = YES_ERROR;
				CLANG_WARN_RANGE_LOOP_ANALYSIS = YES;
				CLANG_WARN_STRICT_PROTOTYPES = YES;
				CLANG_WARN_SUSPICIOUS_MOVE = YES;
				CLANG_WARN_UNGUARDED_AVAILABILITY = YES_AGGRESSIVE;
				CLANG_WARN_UNREACHABLE_CODE = YES;
				CLANG_WARN__DUPLICATE_METHOD_MATCH = YES;
				CODE_SIGN_IDENTITY = "iPhone Developer";
				COPY_PHASE_STRIP = NO;
				DEBUG_INFORMATION_FORMAT = "dwarf-with-dsym";
				ENABLE_NS_ASSERTIONS = NO;
				ENABLE_STRICT_OBJC_MSGSEND = YES;
				GCC_C_LANGUAGE_STANDARD = gnu11;
				GCC_NO_COMMON_BLOCKS = YES;
				GCC_WARN_64_TO_32_BIT_CONVERSION = YES;
				GCC_WARN_ABOUT_RETURN_TYPE = YES_ERROR;
				GCC_WARN_UNDECLARED_SELECTOR = YES;
				GCC_WARN_UNINITIALIZED_AUTOS = YES_AGGRESSIVE;
				GCC_WARN_UNUSED_FUNCTION = YES;
				GCC_WARN_UNUSED_VARIABLE = YES;
				IPHONEOS_DEPLOYMENT_TARGET = 12.1;
				MTL_ENABLE_DEBUG_INFO = NO;
				MTL_FAST_MATH = YES;
				SDKROOT = iphoneos;
				SWIFT_COMPILATION_MODE = wholemodule;
				SWIFT_OPTIMIZATION_LEVEL = "-O";
				VALIDATE_PRODUCT = YES;
			};
			name = Release;
		};
		AE56EFED21C77E8800E66F88 /* Debug */ = {
			isa = XCBuildConfiguration;
			buildSettings = {
				ASSETCATALOG_COMPILER_APPICON_NAME = AppIcon;
				CODE_SIGN_STYLE = Automatic;
				INFOPLIST_FILE = SampleRepo/Info.plist;
				LD_RUNPATH_SEARCH_PATHS = (
					"$(inherited)",
					"@executable_path/Frameworks",
				);
				PRODUCT_BUNDLE_IDENTIFIER = Prolifics.SampleRepo;
				PRODUCT_NAME = "$(TARGET_NAME)";
				SWIFT_VERSION = 4.2;
				TARGETED_DEVICE_FAMILY = "1,2";
			};
			name = Debug;
		};
		AE56EFEE21C77E8800E66F88 /* Release */ = {
			isa = XCBuildConfiguration;
			buildSettings = {
				ASSETCATALOG_COMPILER_APPICON_NAME = AppIcon;
				CODE_SIGN_STYLE = Automatic;
				INFOPLIST_FILE = SampleRepo/Info.plist;
				LD_RUNPATH_SEARCH_PATHS = (
					"$(inherited)",
					"@executable_path/Frameworks",
				);
				PRODUCT_BUNDLE_IDENTIFIER = Prolifics.SampleRepo;
				PRODUCT_NAME = "$(TARGET_NAME)";
				SWIFT_VERSION = 4.2;
				TARGETED_DEVICE_FAMILY = "1,2";
			};
			name = Release;
		};
/* End XCBuildConfiguration section */

/* Begin XCConfigurationList section */
		AE56EFD521C77E8400E66F88 /* Build configuration list for PBXProject "SampleRepo" */ = {
			isa = XCConfigurationList;
			buildConfigurations = (
				AE56EFEA21C77E8800E66F88 /* Debug */,
				AE56EFEB21C77E8800E66F88 /* Release */,
			);
			defaultConfigurationIsVisible = 0;
			defaultConfigurationName = Release;
		};
		AE56EFEC21C77E8800E66F88 /* Build configuration list for PBXNativeTarget "SampleRepo" */ = {
			isa = XCConfigurationList;
			buildConfigurations = (
				AE56EFED21C77E8800E66F88 /* Debug */,
				AE56EFEE21C77E8800E66F88 /* Release */,
			);
			defaultConfigurationIsVisible = 0;
			defaultConfigurationName = Release;
		};
/* End XCConfigurationList section */
	};
	rootObject = AE56EFD221C77E8400E66F88 /* Project object */;
}
